
Microsoft Visual Studio Solution File, Format Version 12.00
# Visual Studio Version 16
VisualStudioVersion = 16.0.30204.135
MinimumVisualStudioVersion = 10.0.40219.1
Project("{FAE04EC0-301F-11D3-BF4B-00C04F79EFBC}") = "ContosoUniversity", "ContosoUniversity.csproj", "{B9D82BD0-F4E8-4DEA-83F9-A96C4CCA173E}"
EndProject
Global
	GlobalSection(SolutionConfigurationPlatforms) = preSolution
		Debug|Any CPU = Debug|Any CPU
		Release|Any CPU = Release|Any CPU
	EndGlobalSection
	GlobalSection(ProjectConfigurationPlatforms) = postSolution
		{B9D82BD0-F4E8-4DEA-83F9-A96C4CCA173E}.Debug|Any CPU.ActiveCfg = Debug|Any CPU
		{B9D82BD0-F4E8-4DEA-83F9-A96C4CCA173E}.Debug|Any CPU.Build.0 = Debug|Any CPU
		{B9D82BD0-F4E8-4DEA-83F9-A96C4CCA173E}.Release|Any CPU.ActiveCfg = Release|Any CPU
		{B9D82BD0-F4E8-4DEA-83F9-A96C4CCA173E}.Release|Any CPU.Build.0 = Release|Any CPU
	EndGlobalSection
	GlobalSection(SolutionProperties) = preSolution
		HideSolutionNode = FALSE
	EndGlobalSection
	GlobalSection(ExtensibilityGlobals) = postSolution
		SolutionGuid = {45DCF633-1D0E-4380-B5A7-71338367E96B}
	EndGlobalSection
EndGlobal
